
Microsoft Visual Studio Solution File, Format Version 12.00
# Visual Studio Version 16
VisualStudioVersion = 16.0.29920.165
MinimumVisualStudioVersion = 10.0.40219.1
Project("{FAE04EC0-301F-11D3-BF4B-00C04F79EFBC}") = "Dizajn-u-objektno-orijentiranim-sustavima--LV-3", "Dizajn-u-objektno-orijentiranim-sustavima--LV-3\Dizajn-u-objektno-orijentiranim-sustavima--LV-3.csproj", "{3185048B-55B0-4D9D-86A6-177CEB62FED7}"
EndProject
Global
	GlobalSection(SolutionConfigurationPlatforms) = preSolution
		Debug|Any CPU = Debug|Any CPU
		Release|Any CPU = Release|Any CPU
	EndGlobalSection
	GlobalSection(ProjectConfigurationPlatforms) = postSolution
		{3185048B-55B0-4D9D-86A6-177CEB62FED7}.Debug|Any CPU.ActiveCfg = Debug|Any CPU
		{3185048B-55B0-4D9D-86A6-177CEB62FED7}.Debug|Any CPU.Build.0 = Debug|Any CPU
		{3185048B-55B0-4D9D-86A6-177CEB62FED7}.Release|Any CPU.ActiveCfg = Release|Any CPU
		{3185048B-55B0-4D9D-86A6-177CEB62FED7}.Release|Any CPU.Build.0 = Release|Any CPU
	EndGlobalSection
	GlobalSection(SolutionProperties) = preSolution
		HideSolutionNode = FALSE
	EndGlobalSection
	GlobalSection(ExtensibilityGlobals) = postSolution
		SolutionGuid = {224F8196-A05D-4892-AF94-F828004033E1}
	EndGlobalSection
EndGlobal
